{
  "nodes": {
    "flake-utils": {
      "inputs": {
        "systems": "systems"
      },
      "locked": {
        "lastModified": 1694529238,
        "narHash": "sha256-zsNZZGTGnMOf9YpHKJqMSsa0dXbfmxeoJ7xHlrt+xmY=",
        "owner": "numtide",
        "repo": "flake-utils",
        "rev": "ff7b65b44d01cf9ba6a71320833626af21126384",
        "type": "github"
      },
      "original": {
        "owner": "numtide",
        "repo": "flake-utils",
        "type": "github"
      }
    },
    "go": {
      "inputs": {
        "gomod2nix": "gomod2nix",
        "nixpkgs": [
          "nixpkgs"
        ],
        "nixpkgs-stable": "nixpkgs-stable",
        "utils": "utils"
      },
      "locked": {
        "dir": "go",
        "lastModified": 1737756069,
        "narHash": "sha256-dXqqKrRodzlnuvcP6DtCTMu6qw6gXzlMffdS9v+EZOE=",
        "owner": "friedenberg",
        "repo": "dev-flake-templates",
        "rev": "4626dae347b2864b06da33be8a19b687bee45773",
        "type": "github"
      },
      "original": {
        "dir": "go",
        "owner": "friedenberg",
        "repo": "dev-flake-templates",
        "type": "github"
      }
    },
    "gomod2nix": {
      "inputs": {
        "flake-utils": "flake-utils",
        "nixpkgs": [
          "go",
          "nixpkgs"
        ]
      },
      "locked": {
        "lastModified": 1733668782,
        "narHash": "sha256-tPsqU00FhgdFr0JiQUiBMgPVbl1jbPCY5gbFiJycL3I=",
        "owner": "nix-community",
        "repo": "gomod2nix",
        "rev": "514283ec89c39ad0079ff2f3b1437404e4cba608",
        "type": "github"
      },
      "original": {
        "owner": "nix-community",
        "repo": "gomod2nix",
        "type": "github"
      }
    },
    "nixpkgs": {
      "locked": {
        "lastModified": 1745377448,
        "narHash": "sha256-jhZDfXVKdD7TSEGgzFJQvEEZ2K65UMiqW5YJ2aIqxMA=",
        "owner": "NixOS",
        "repo": "nixpkgs",
        "rev": "507b63021ada5fee621b6ca371c4fca9ca46f52c",
        "type": "github"
      },
      "original": {
        "id": "nixpkgs",
        "type": "indirect"
      }
    },
    "nixpkgs-stable": {
      "locked": {
        "lastModified": 1734991663,
        "narHash": "sha256-8T660guvdaOD+2/Cj970bWlQwAyZLKrrbkhYOFcY1YE=",
        "owner": "nixos",
        "repo": "nixpkgs",
        "rev": "6c90912761c43e22b6fb000025ab96dd31c971ff",
        "type": "github"
      },
      "original": {
        "owner": "nixos",
        "ref": "nixos-24.11",
        "repo": "nixpkgs",
        "type": "github"
      }
    },
    "nixpkgs-stable_2": {
      "locked": {
        "lastModified": 1745487689,
        "narHash": "sha256-FQoi3R0NjQeBAsEOo49b5tbDPcJSMWc3QhhaIi9eddw=",
        "rev": "5630cf13cceac06cefe9fc607e8dfa8fb342dde3",
        "revCount": 717296,
        "type": "tarball",
        "url": "https://api.flakehub.com/f/pinned/NixOS/nixpkgs/0.2411.717296%2Brev-5630cf13cceac06cefe9fc607e8dfa8fb342dde3/01966926-f6e4-7d61-879f-3f882bea5328/source.tar.gz"
      },
      "original": {
        "type": "tarball",
        "url": "https://flakehub.com/f/NixOS/nixpkgs/0.2411.717296.tar.gz"
      }
    },
    "root": {
      "inputs": {
        "go": "go",
        "nixpkgs": "nixpkgs",
        "nixpkgs-stable": "nixpkgs-stable_2",
        "shell": "shell",
        "utils": "utils_3"
      }
    },
    "shell": {
      "inputs": {
        "nixpkgs": [
          "nixpkgs"
        ],
        "utils": "utils_2"
      },
      "locked": {
        "dir": "shell",
        "lastModified": 1737756069,
        "narHash": "sha256-dXqqKrRodzlnuvcP6DtCTMu6qw6gXzlMffdS9v+EZOE=",
        "owner": "friedenberg",
        "repo": "dev-flake-templates",
        "rev": "4626dae347b2864b06da33be8a19b687bee45773",
        "type": "github"
      },
      "original": {
        "dir": "shell",
        "owner": "friedenberg",
        "repo": "dev-flake-templates",
        "type": "github"
      }
    },
    "systems": {
      "locked": {
        "lastModified": 1681028828,
        "narHash": "sha256-Vy1rq5AaRuLzOxct8nz4T6wlgyUR7zLU309k9mBC768=",
        "owner": "nix-systems",
        "repo": "default",
        "rev": "da67096a3b9bf56a91d16901293e51ba5b49a27e",
        "type": "github"
      },
      "original": {
        "owner": "nix-systems",
        "repo": "default",
        "type": "github"
      }
    },
    "systems_2": {
      "locked": {
        "lastModified": 1681028828,
        "narHash": "sha256-Vy1rq5AaRuLzOxct8nz4T6wlgyUR7zLU309k9mBC768=",
        "owner": "nix-systems",
        "repo": "default",
        "rev": "da67096a3b9bf56a91d16901293e51ba5b49a27e",
        "type": "github"
      },
      "original": {
        "owner": "nix-systems",
        "repo": "default",
        "type": "github"
      }
    },
    "systems_3": {
      "locked": {
        "lastModified": 1681028828,
        "narHash": "sha256-Vy1rq5AaRuLzOxct8nz4T6wlgyUR7zLU309k9mBC768=",
        "owner": "nix-systems",
        "repo": "default",
        "rev": "da67096a3b9bf56a91d16901293e51ba5b49a27e",
        "type": "github"
      },
      "original": {
        "owner": "nix-systems",
        "repo": "default",
        "type": "github"
      }
    },
    "systems_4": {
      "locked": {
        "lastModified": 1681028828,
        "narHash": "sha256-Vy1rq5AaRuLzOxct8nz4T6wlgyUR7zLU309k9mBC768=",
        "owner": "nix-systems",
        "repo": "default",
        "rev": "da67096a3b9bf56a91d16901293e51ba5b49a27e",
        "type": "github"
      },
      "original": {
        "owner": "nix-systems",
        "repo": "default",
        "type": "github"
      }
    },
    "utils": {
      "inputs": {
        "systems": "systems_2"
      },
      "locked": {
        "lastModified": 1731533236,
        "narHash": "sha256-l0KFg5HjrsfsO/JpG+r7fRrqm12kzFHyUHqHCVpMMbI=",
        "owner": "numtide",
        "repo": "flake-utils",
        "rev": "11707dc2f618dd54ca8739b309ec4fc024de578b",
        "type": "github"
      },
      "original": {
        "owner": "numtide",
        "repo": "flake-utils",
        "type": "github"
      }
    },
    "utils_2": {
      "inputs": {
        "systems": "systems_3"
      },
      "locked": {
        "lastModified": 1710146030,
        "narHash": "sha256-SZ5L6eA7HJ/nmkzGG7/ISclqe6oZdOZTNoesiInkXPQ=",
        "owner": "numtide",
        "repo": "flake-utils",
        "rev": "b1d9ab70662946ef0850d488da1c9019f3a9752a",
        "type": "github"
      },
      "original": {
        "owner": "numtide",
        "repo": "flake-utils",
        "type": "github"
      }
    },
    "utils_3": {
      "inputs": {
        "systems": "systems_4"
      },
      "locked": {
        "lastModified": 1731533236,
        "narHash": "sha256-l0KFg5HjrsfsO/JpG+r7fRrqm12kzFHyUHqHCVpMMbI=",
        "rev": "11707dc2f618dd54ca8739b309ec4fc024de578b",
        "revCount": 102,
        "type": "tarball",
        "url": "https://api.flakehub.com/f/pinned/numtide/flake-utils/0.1.102%2Brev-11707dc2f618dd54ca8739b309ec4fc024de578b/0193276d-5b8f-7dbc-acf1-41cb7b54ad2e/source.tar.gz"
      },
      "original": {
        "type": "tarball",
        "url": "https://flakehub.com/f/numtide/flake-utils/0.1.102.tar.gz"
      }
    }
  },
  "root": "root",
  "version": 7
}
